
Microsoft Visual Studio Solution File, Format Version 12.00
# Visual Studio Version 17
VisualStudioVersion = 17.1.32328.378
MinimumVisualStudioVersion = 10.0.40219.1
Project("{6EC3EE1D-3C4E-46DD-8F32-0CC8E7565705}") = "Server", "Server\Server.fsproj", "{E13C5622-C545-4148-ADFB-AFD493C51AB6}"
EndProject
Project("{F2A71F9B-5D33-465A-A702-920D77279786}") = "Shared", "Shared\Shared.fsproj", "{84C50E5C-96B0-48A3-BEE6-FA1EE6415F2D}"
EndProject
Project("{6EC3EE1D-3C4E-46DD-8F32-0CC8E7565705}") = "App", "Client\src\App.fsproj", "{E5FB534A-8C7B-40A0-BF31-5BDC5D96BD6E}"
EndProject
Global
	GlobalSection(SolutionConfigurationPlatforms) = preSolution
		Debug|Any CPU = Debug|Any CPU
		Release|Any CPU = Release|Any CPU
	EndGlobalSection
	GlobalSection(ProjectConfigurationPlatforms) = postSolution
		{E13C5622-C545-4148-ADFB-AFD493C51AB6}.Debug|Any CPU.ActiveCfg = Debug|Any CPU
		{E13C5622-C545-4148-ADFB-AFD493C51AB6}.Debug|Any CPU.Build.0 = Debug|Any CPU
		{E13C5622-C545-4148-ADFB-AFD493C51AB6}.Release|Any CPU.ActiveCfg = Release|Any CPU
		{E13C5622-C545-4148-ADFB-AFD493C51AB6}.Release|Any CPU.Build.0 = Release|Any CPU
		{84C50E5C-96B0-48A3-BEE6-FA1EE6415F2D}.Debug|Any CPU.ActiveCfg = Debug|Any CPU
		{84C50E5C-96B0-48A3-BEE6-FA1EE6415F2D}.Debug|Any CPU.Build.0 = Debug|Any CPU
		{84C50E5C-96B0-48A3-BEE6-FA1EE6415F2D}.Release|Any CPU.ActiveCfg = Release|Any CPU
		{84C50E5C-96B0-48A3-BEE6-FA1EE6415F2D}.Release|Any CPU.Build.0 = Release|Any CPU
		{E5FB534A-8C7B-40A0-BF31-5BDC5D96BD6E}.Debug|Any CPU.ActiveCfg = Debug|Any CPU
		{E5FB534A-8C7B-40A0-BF31-5BDC5D96BD6E}.Debug|Any CPU.Build.0 = Debug|Any CPU
		{E5FB534A-8C7B-40A0-BF31-5BDC5D96BD6E}.Release|Any CPU.ActiveCfg = Release|Any CPU
		{E5FB534A-8C7B-40A0-BF31-5BDC5D96BD6E}.Release|Any CPU.Build.0 = Release|Any CPU
	EndGlobalSection
	GlobalSection(SolutionProperties) = preSolution
		HideSolutionNode = FALSE
	EndGlobalSection
	GlobalSection(ExtensibilityGlobals) = postSolution
		SolutionGuid = {62170479-69AF-467C-9123-2441950BABE2}
	EndGlobalSection
EndGlobal
